// !$*UTF8*$!
{
	archiveVersion = 1;
	classes = {
	};
	objectVersion = 56;
	objects = {

/* Begin PBXBuildFile section */
		14708C7A2A1C188E00598D67 /* DittoLogDemoApp.swift in Sources */ = {isa = PBXBuildFile; fileRef = 14708C792A1C188E00598D67 /* DittoLogDemoApp.swift */; };
		14708C7C2A1C188E00598D67 /* ContentView.swift in Sources */ = {isa = PBXBuildFile; fileRef = 14708C7B2A1C188E00598D67 /* ContentView.swift */; };
		14708C7E2A1C188F00598D67 /* Assets.xcassets in Resources */ = {isa = PBXBuildFile; fileRef = 14708C7D2A1C188F00598D67 /* Assets.xcassets */; };
		14708C812A1C188F00598D67 /* Preview Assets.xcassets in Resources */ = {isa = PBXBuildFile; fileRef = 14708C802A1C188F00598D67 /* Preview Assets.xcassets */; };
		14708C8A2A1C1A8000598D67 /* DittoService.swift in Sources */ = {isa = PBXBuildFile; fileRef = 14708C882A1C1A8000598D67 /* DittoService.swift */; };
		14708C8C2A1C1AC800598D67 /* DittoLogManager.swift in Sources */ = {isa = PBXBuildFile; fileRef = 14708C8B2A1C1AC800598D67 /* DittoLogManager.swift */; };
		14708C8F2A1C1BCD00598D67 /* DittoObjC in Frameworks */ = {isa = PBXBuildFile; productRef = 14708C8E2A1C1BCD00598D67 /* DittoObjC */; };
		14708C912A1C1BCD00598D67 /* DittoSwift in Frameworks */ = {isa = PBXBuildFile; productRef = 14708C902A1C1BCD00598D67 /* DittoSwift */; };
		14708C942A1C229D00598D67 /* Env.swift in Sources */ = {isa = PBXBuildFile; fileRef = 14708C932A1C229D00598D67 /* Env.swift */; };
/* End PBXBuildFile section */

/* Begin PBXFileReference section */
		144D95B22A1C352E00306A91 /* Info.plist */ = {isa = PBXFileReference; lastKnownFileType = text.plist; path = Info.plist; sourceTree = "<group>"; };
		144D95B32A1D43E600306A91 /* README.md */ = {isa = PBXFileReference; lastKnownFileType = net.daringfireball.markdown; path = README.md; sourceTree = SOURCE_ROOT; };
		14708C762A1C188E00598D67 /* DittoLogDemo.app */ = {isa = PBXFileReference; explicitFileType = wrapper.application; includeInIndex = 0; path = DittoLogDemo.app; sourceTree = BUILT_PRODUCTS_DIR; };
		14708C792A1C188E00598D67 /* DittoLogDemoApp.swift */ = {isa = PBXFileReference; lastKnownFileType = sourcecode.swift; path = DittoLogDemoApp.swift; sourceTree = "<group>"; };
		14708C7B2A1C188E00598D67 /* ContentView.swift */ = {isa = PBXFileReference; lastKnownFileType = sourcecode.swift; path = ContentView.swift; sourceTree = "<group>"; };
		14708C7D2A1C188F00598D67 /* Assets.xcassets */ = {isa = PBXFileReference; lastKnownFileType = folder.assetcatalog; path = Assets.xcassets; sourceTree = "<group>"; };
		14708C802A1C188F00598D67 /* Preview Assets.xcassets */ = {isa = PBXFileReference; lastKnownFileType = folder.assetcatalog; path = "Preview Assets.xcassets"; sourceTree = "<group>"; };
		14708C882A1C1A8000598D67 /* DittoService.swift */ = {isa = PBXFileReference; fileEncoding = 4; lastKnownFileType = sourcecode.swift; path = DittoService.swift; sourceTree = "<group>"; };
		14708C8B2A1C1AC800598D67 /* DittoLogManager.swift */ = {isa = PBXFileReference; fileEncoding = 4; lastKnownFileType = sourcecode.swift; path = DittoLogManager.swift; sourceTree = "<group>"; };
		14708C932A1C229D00598D67 /* Env.swift */ = {isa = PBXFileReference; fileEncoding = 4; lastKnownFileType = sourcecode.swift; path = Env.swift; sourceTree = "<group>"; };
/* End PBXFileReference section */

/* Begin PBXFrameworksBuildPhase section */
		14708C732A1C188E00598D67 /* Frameworks */ = {
			isa = PBXFrameworksBuildPhase;
			buildActionMask = 2147483647;
			files = (
				14708C8F2A1C1BCD00598D67 /* DittoObjC in Frameworks */,
				14708C912A1C1BCD00598D67 /* DittoSwift in Frameworks */,
			);
			runOnlyForDeploymentPostprocessing = 0;
		};
/* End PBXFrameworksBuildPhase section */

/* Begin PBXGroup section */
		14708C6D2A1C188E00598D67 = {
			isa = PBXGroup;
			children = (
				144D95B32A1D43E600306A91 /* README.md */,
				14708C782A1C188E00598D67 /* DittoLogDemo */,
				14708C772A1C188E00598D67 /* Products */,
			);
			sourceTree = "<group>";
		};
		14708C772A1C188E00598D67 /* Products */ = {
			isa = PBXGroup;
			children = (
				14708C762A1C188E00598D67 /* DittoLogDemo.app */,
			);
			name = Products;
			sourceTree = "<group>";
		};
		14708C782A1C188E00598D67 /* DittoLogDemo */ = {
			isa = PBXGroup;
			children = (
				144D95B22A1C352E00306A91 /* Info.plist */,
				14708C792A1C188E00598D67 /* DittoLogDemoApp.swift */,
				14708C7B2A1C188E00598D67 /* ContentView.swift */,
				14708C8B2A1C1AC800598D67 /* DittoLogManager.swift */,
				14708C882A1C1A8000598D67 /* DittoService.swift */,
				14708C932A1C229D00598D67 /* Env.swift */,
				14708C7D2A1C188F00598D67 /* Assets.xcassets */,
				14708C7F2A1C188F00598D67 /* Preview Content */,
			);
			path = DittoLogDemo;
			sourceTree = "<group>";
		};
		14708C7F2A1C188F00598D67 /* Preview Content */ = {
			isa = PBXGroup;
			children = (
				14708C802A1C188F00598D67 /* Preview Assets.xcassets */,
			);
			path = "Preview Content";
			sourceTree = "<group>";
		};
/* End PBXGroup section */

/* Begin PBXNativeTarget section */
		14708C752A1C188E00598D67 /* DittoLogDemo */ = {
			isa = PBXNativeTarget;
			buildConfigurationList = 14708C842A1C188F00598D67 /* Build configuration list for PBXNativeTarget "DittoLogDemo" */;
			buildPhases = (
				14708C922A1C21AC00598D67 /* Generate Env.swift */,
				14708C722A1C188E00598D67 /* Sources */,
				14708C732A1C188E00598D67 /* Frameworks */,
				14708C742A1C188E00598D67 /* Resources */,
			);
			buildRules = (
			);
			dependencies = (
			);
			name = DittoLogDemo;
			packageProductDependencies = (
				14708C8E2A1C1BCD00598D67 /* DittoObjC */,
				14708C902A1C1BCD00598D67 /* DittoSwift */,
			);
			productName = DittoLogDemo;
			productReference = 14708C762A1C188E00598D67 /* DittoLogDemo.app */;
			productType = "com.apple.product-type.application";
		};
/* End PBXNativeTarget section */

/* Begin PBXProject section */
		14708C6E2A1C188E00598D67 /* Project object */ = {
			isa = PBXProject;
			attributes = {
				BuildIndependentTargetsInParallel = 1;
				LastSwiftUpdateCheck = 1430;
				LastUpgradeCheck = 1430;
				ORGANIZATIONNAME = "Ditto Live, Inc.";
				TargetAttributes = {
					14708C752A1C188E00598D67 = {
						CreatedOnToolsVersion = 14.3;
					};
				};
			};
			buildConfigurationList = 14708C712A1C188E00598D67 /* Build configuration list for PBXProject "DittoLogDemo" */;
			compatibilityVersion = "Xcode 14.0";
			developmentRegion = en;
			hasScannedForEncodings = 0;
			knownRegions = (
				en,
				Base,
			);
			mainGroup = 14708C6D2A1C188E00598D67;
			packageReferences = (
				14708C8D2A1C1BCD00598D67 /* XCRemoteSwiftPackageReference "DittoSwiftPackage" */,
			);
			productRefGroup = 14708C772A1C188E00598D67 /* Products */;
			projectDirPath = "";
			projectRoot = "";
			targets = (
				14708C752A1C188E00598D67 /* DittoLogDemo */,
			);
		};
/* End PBXProject section */

/* Begin PBXResourcesBuildPhase section */
		14708C742A1C188E00598D67 /* Resources */ = {
			isa = PBXResourcesBuildPhase;
			buildActionMask = 2147483647;
			files = (
				14708C812A1C188F00598D67 /* Preview Assets.xcassets in Resources */,
				14708C7E2A1C188F00598D67 /* Assets.xcassets in Resources */,
			);
			runOnlyForDeploymentPostprocessing = 0;
		};
/* End PBXResourcesBuildPhase section */

/* Begin PBXShellScriptBuildPhase section */
		14708C922A1C21AC00598D67 /* Generate Env.swift */ = {
			isa = PBXShellScriptBuildPhase;
			buildActionMask = 2147483647;
			files = (
			);
			inputFileListPaths = (
			);
			inputPaths = (
				"$(SRCROOT)/buildEnv.sh",
			);
			name = "Generate Env.swift";
			outputFileListPaths = (
			);
			outputPaths = (
				"$(DERIVED_FILE_DIR)/Env.swift",
			);
			runOnlyForDeploymentPostprocessing = 0;
			shellPath = /bin/sh;
			shellScript = "\"${SRCROOT}/buildEnv.sh\" \"${SRCROOT}/.env\" \"${SRCROOT}/${PROJECT}\"\n";
		};
/* End PBXShellScriptBuildPhase section */

/* Begin PBXSourcesBuildPhase section */
		14708C722A1C188E00598D67 /* Sources */ = {
			isa = PBXSourcesBuildPhase;
			buildActionMask = 2147483647;
			files = (
				14708C942A1C229D00598D67 /* Env.swift in Sources */,
				14708C7C2A1C188E00598D67 /* ContentView.swift in Sources */,
				14708C8C2A1C1AC800598D67 /* DittoLogManager.swift in Sources */,
				14708C8A2A1C1A8000598D67 /* DittoService.swift in Sources */,
				14708C7A2A1C188E00598D67 /* DittoLogDemoApp.swift in Sources */,
			);
			runOnlyForDeploymentPostprocessing = 0;
		};
/* End PBXSourcesBuildPhase section */

/* Begin XCBuildConfiguration section */
		14708C822A1C188F00598D67 /* Debug */ = {
			isa = XCBuildConfiguration;
			buildSettings = {
				ALWAYS_SEARCH_USER_PATHS = NO;
				CLANG_ANALYZER_NONNULL = YES;
				CLANG_ANALYZER_NUMBER_OBJECT_CONVERSION = YES_AGGRESSIVE;
				CLANG_CXX_LANGUAGE_STANDARD = "gnu++20";
				CLANG_ENABLE_MODULES = YES;
				CLANG_ENABLE_OBJC_ARC = YES;
				CLANG_ENABLE_OBJC_WEAK = YES;
				CLANG_WARN_BLOCK_CAPTURE_AUTORELEASING = YES;
				CLANG_WARN_BOOL_CONVERSION = YES;
				CLANG_WARN_COMMA = YES;
				CLANG_WARN_CONSTANT_CONVERSION = YES;
				CLANG_WARN_DEPRECATED_OBJC_IMPLEMENTATIONS = YES;
				CLANG_WARN_DIRECT_OBJC_ISA_USAGE = YES_ERROR;
				CLANG_WARN_DOCUMENTATION_COMMENTS = YES;
				CLANG_WARN_EMPTY_BODY = YES;
				CLANG_WARN_ENUM_CONVERSION = YES;
				CLANG_WARN_INFINITE_RECURSION = YES;
				CLANG_WARN_INT_CONVERSION = YES;
				CLANG_WARN_NON_LITERAL_NULL_CONVERSION = YES;
				CLANG_WARN_OBJC_IMPLICIT_RETAIN_SELF = YES;
				CLANG_WARN_OBJC_LITERAL_CONVERSION = YES;
				CLANG_WARN_OBJC_ROOT_CLASS = YES_ERROR;
				CLANG_WARN_QUOTED_INCLUDE_IN_FRAMEWORK_HEADER = YES;
				CLANG_WARN_RANGE_LOOP_ANALYSIS = YES;
				CLANG_WARN_STRICT_PROTOTYPES = YES;
				CLANG_WARN_SUSPICIOUS_MOVE = YES;
				CLANG_WARN_UNGUARDED_AVAILABILITY = YES_AGGRESSIVE;
				CLANG_WARN_UNREACHABLE_CODE = YES;
				CLANG_WARN__DUPLICATE_METHOD_MATCH = YES;
				COPY_PHASE_STRIP = NO;
				DEBUG_INFORMATION_FORMAT = dwarf;
				ENABLE_STRICT_OBJC_MSGSEND = YES;
				ENABLE_TESTABILITY = YES;
				GCC_C_LANGUAGE_STANDARD = gnu11;
				GCC_DYNAMIC_NO_PIC = NO;
				GCC_NO_COMMON_BLOCKS = YES;
				GCC_OPTIMIZATION_LEVEL = 0;
				GCC_PREPROCESSOR_DEFINITIONS = (
					"DEBUG=1",
					"$(inherited)",
				);
				GCC_WARN_64_TO_32_BIT_CONVERSION = YES;
				GCC_WARN_ABOUT_RETURN_TYPE = YES_ERROR;
				GCC_WARN_UNDECLARED_SELECTOR = YES;
				GCC_WARN_UNINITIALIZED_AUTOS = YES_AGGRESSIVE;
				GCC_WARN_UNUSED_FUNCTION = YES;
				GCC_WARN_UNUSED_VARIABLE = YES;
				IPHONEOS_DEPLOYMENT_TARGET = 16.4;
				MTL_ENABLE_DEBUG_INFO = INCLUDE_SOURCE;
				MTL_FAST_MATH = YES;
				ONLY_ACTIVE_ARCH = YES;
				SDKROOT = iphoneos;
				SWIFT_ACTIVE_COMPILATION_CONDITIONS = DEBUG;
				SWIFT_OPTIMIZATION_LEVEL = "-Onone";
			};
			name = Debug;
		};
		14708C832A1C188F00598D67 /* Release */ = {
			isa = XCBuildConfiguration;
			buildSettings = {
				ALWAYS_SEARCH_USER_PATHS = NO;
				CLANG_ANALYZER_NONNULL = YES;
				CLANG_ANALYZER_NUMBER_OBJECT_CONVERSION = YES_AGGRESSIVE;
				CLANG_CXX_LANGUAGE_STANDARD = "gnu++20";
				CLANG_ENABLE_MODULES = YES;
				CLANG_ENABLE_OBJC_ARC = YES;
				CLANG_ENABLE_OBJC_WEAK = YES;
				CLANG_WARN_BLOCK_CAPTURE_AUTORELEASING = YES;
				CLANG_WARN_BOOL_CONVERSION = YES;
				CLANG_WARN_COMMA = YES;
				CLANG_WARN_CONSTANT_CONVERSION = YES;
				CLANG_WARN_DEPRECATED_OBJC_IMPLEMENTATIONS = YES;
				CLANG_WARN_DIRECT_OBJC_ISA_USAGE = YES_ERROR;
				CLANG_WARN_DOCUMENTATION_COMMENTS = YES;
				CLANG_WARN_EMPTY_BODY = YES;
				CLANG_WARN_ENUM_CONVERSION = YES;
				CLANG_WARN_INFINITE_RECURSION = YES;
				CLANG_WARN_INT_CONVERSION = YES;
				CLANG_WARN_NON_LITERAL_NULL_CONVERSION = YES;
				CLANG_WARN_OBJC_IMPLICIT_RETAIN_SELF = YES;
				CLANG_WARN_OBJC_LITERAL_CONVERSION = YES;
				CLANG_WARN_OBJC_ROOT_CLASS = YES_ERROR;
				CLANG_WARN_QUOTED_INCLUDE_IN_FRAMEWORK_HEADER = YES;
				CLANG_WARN_RANGE_LOOP_ANALYSIS = YES;
				CLANG_WARN_STRICT_PROTOTYPES = YES;
				CLANG_WARN_SUSPICIOUS_MOVE = YES;
				CLANG_WARN_UNGUARDED_AVAILABILITY = YES_AGGRESSIVE;
				CLANG_WARN_UNREACHABLE_CODE = YES;
				CLANG_WARN__DUPLICATE_METHOD_MATCH = YES;
				COPY_PHASE_STRIP = NO;
				DEBUG_INFORMATION_FORMAT = "dwarf-with-dsym";
				ENABLE_NS_ASSERTIONS = NO;
				ENABLE_STRICT_OBJC_MSGSEND = YES;
				GCC_C_LANGUAGE_STANDARD = gnu11;
				GCC_NO_COMMON_BLOCKS = YES;
				GCC_WARN_64_TO_32_BIT_CONVERSION = YES;
				GCC_WARN_ABOUT_RETURN_TYPE = YES_ERROR;
				GCC_WARN_UNDECLARED_SELECTOR = YES;
				GCC_WARN_UNINITIALIZED_AUTOS = YES_AGGRESSIVE;
				GCC_WARN_UNUSED_FUNCTION = YES;
				GCC_WARN_UNUSED_VARIABLE = YES;
				IPHONEOS_DEPLOYMENT_TARGET = 16.4;
				MTL_ENABLE_DEBUG_INFO = NO;
				MTL_FAST_MATH = YES;
				SDKROOT = iphoneos;
				SWIFT_COMPILATION_MODE = wholemodule;
				SWIFT_OPTIMIZATION_LEVEL = "-O";
				VALIDATE_PRODUCT = YES;
			};
			name = Release;
		};
		14708C852A1C188F00598D67 /* Debug */ = {
			isa = XCBuildConfiguration;
			buildSettings = {
				ASSETCATALOG_COMPILER_APPICON_NAME = AppIcon;
				ASSETCATALOG_COMPILER_GLOBAL_ACCENT_COLOR_NAME = AccentColor;
				CODE_SIGN_STYLE = Automatic;
				CURRENT_PROJECT_VERSION = 1;
				DEVELOPMENT_ASSET_PATHS = "\"DittoLogDemo/Preview Content\"";
				DEVELOPMENT_TEAM = 3T2VMFZPPQ;
				ENABLE_PREVIEWS = YES;
				GENERATE_INFOPLIST_FILE = YES;
				INFOPLIST_FILE = DittoLogDemo/Info.plist;
				INFOPLIST_KEY_LSApplicationCategoryType = "";
				INFOPLIST_KEY_NSBluetoothAlwaysUsageDescription = "Uses Bluetooth to connect and sync with nearby devices";
				INFOPLIST_KEY_NSBluetoothPeripheralUsageDescription = "Uses Bluetooth to connect and sync with nearby devices";
				INFOPLIST_KEY_NSLocalNetworkUsageDescription = "Uses WiFi to connect and sync with nearby devices";
				INFOPLIST_KEY_UIApplicationSceneManifest_Generation = YES;
				INFOPLIST_KEY_UIApplicationSupportsIndirectInputEvents = YES;
				INFOPLIST_KEY_UILaunchScreen_Generation = YES;
				INFOPLIST_KEY_UISupportedInterfaceOrientations_iPad = "UIInterfaceOrientationPortrait UIInterfaceOrientationPortraitUpsideDown UIInterfaceOrientationLandscapeLeft UIInterfaceOrientationLandscapeRight";
				INFOPLIST_KEY_UISupportedInterfaceOrientations_iPhone = "UIInterfaceOrientationPortrait UIInterfaceOrientationLandscapeLeft UIInterfaceOrientationLandscapeRight";
				IPHONEOS_DEPLOYMENT_TARGET = 14.0;
				LD_RUNPATH_SEARCH_PATHS = (
					"$(inherited)",
					"@executable_path/Frameworks",
				);
				MARKETING_VERSION = 1.0;
				PRODUCT_BUNDLE_IDENTIFIER = live.ditto.DittoLogDemo;
				PRODUCT_NAME = "$(TARGET_NAME)";
				SWIFT_EMIT_LOC_STRINGS = YES;
				SWIFT_VERSION = 5.0;
				TARGETED_DEVICE_FAMILY = "1,2";
			};
			name = Debug;
		};
		14708C862A1C188F00598D67 /* Release */ = {
			isa = XCBuildConfiguration;
			buildSettings = {
				ASSETCATALOG_COMPILER_APPICON_NAME = AppIcon;
				ASSETCATALOG_COMPILER_GLOBAL_ACCENT_COLOR_NAME = AccentColor;
				CODE_SIGN_STYLE = Automatic;
				CURRENT_PROJECT_VERSION = 1;
				DEVELOPMENT_ASSET_PATHS = "\"DittoLogDemo/Preview Content\"";
				DEVELOPMENT_TEAM = 3T2VMFZPPQ;
				ENABLE_PREVIEWS = YES;
				GENERATE_INFOPLIST_FILE = YES;
				INFOPLIST_FILE = DittoLogDemo/Info.plist;
				INFOPLIST_KEY_LSApplicationCategoryType = "";
				INFOPLIST_KEY_NSBluetoothAlwaysUsageDescription = "Uses Bluetooth to connect and sync with nearby devices";
				INFOPLIST_KEY_NSBluetoothPeripheralUsageDescription = "Uses Bluetooth to connect and sync with nearby devices";
				INFOPLIST_KEY_NSLocalNetworkUsageDescription = "Uses WiFi to connect and sync with nearby devices";
				INFOPLIST_KEY_UIApplicationSceneManifest_Generation = YES;
				INFOPLIST_KEY_UIApplicationSupportsIndirectInputEvents = YES;
				INFOPLIST_KEY_UILaunchScreen_Generation = YES;
				INFOPLIST_KEY_UISupportedInterfaceOrientations_iPad = "UIInterfaceOrientationPortrait UIInterfaceOrientationPortraitUpsideDown UIInterfaceOrientationLandscapeLeft UIInterfaceOrientationLandscapeRight";
				INFOPLIST_KEY_UISupportedInterfaceOrientations_iPhone = "UIInterfaceOrientationPortrait UIInterfaceOrientationLandscapeLeft UIInterfaceOrientationLandscapeRight";
				IPHONEOS_DEPLOYMENT_TARGET = 14.0;
				LD_RUNPATH_SEARCH_PATHS = (
					"$(inherited)",
					"@executable_path/Frameworks",
				);
				MARKETING_VERSION = 1.0;
				PRODUCT_BUNDLE_IDENTIFIER = live.ditto.DittoLogDemo;
				PRODUCT_NAME = "$(TARGET_NAME)";
				SWIFT_EMIT_LOC_STRINGS = YES;
				SWIFT_VERSION = 5.0;
				TARGETED_DEVICE_FAMILY = "1,2";
			};
			name = Release;
		};
/* End XCBuildConfiguration section */

/* Begin XCConfigurationList section */
		14708C712A1C188E00598D67 /* Build configuration list for PBXProject "DittoLogDemo" */ = {
			isa = XCConfigurationList;
			buildConfigurations = (
				14708C822A1C188F00598D67 /* Debug */,
				14708C832A1C188F00598D67 /* Release */,
			);
			defaultConfigurationIsVisible = 0;
			defaultConfigurationName = Release;
		};
		14708C842A1C188F00598D67 /* Build configuration list for PBXNativeTarget "DittoLogDemo" */ = {
			isa = XCConfigurationList;
			buildConfigurations = (
				14708C852A1C188F00598D67 /* Debug */,
				14708C862A1C188F00598D67 /* Release */,
			);
			defaultConfigurationIsVisible = 0;
			defaultConfigurationName = Release;
		};
/* End XCConfigurationList section */

/* Begin XCRemoteSwiftPackageReference section */
		14708C8D2A1C1BCD00598D67 /* XCRemoteSwiftPackageReference "DittoSwiftPackage" */ = {
			isa = XCRemoteSwiftPackageReference;
			repositoryURL = "https://github.com/getditto/DittoSwiftPackage";
			requirement = {
				kind = upToNextMajorVersion;
				minimumVersion = 4.0.0;
			};
		};
/* End XCRemoteSwiftPackageReference section */

/* Begin XCSwiftPackageProductDependency section */
		14708C8E2A1C1BCD00598D67 /* DittoObjC */ = {
			isa = XCSwiftPackageProductDependency;
			package = 14708C8D2A1C1BCD00598D67 /* XCRemoteSwiftPackageReference "DittoSwiftPackage" */;
			productName = DittoObjC;
		};
		14708C902A1C1BCD00598D67 /* DittoSwift */ = {
			isa = XCSwiftPackageProductDependency;
			package = 14708C8D2A1C1BCD00598D67 /* XCRemoteSwiftPackageReference "DittoSwiftPackage" */;
			productName = DittoSwift;
		};
/* End XCSwiftPackageProductDependency section */
	};
	rootObject = 14708C6E2A1C188E00598D67 /* Project object */;
}
